
Microsoft Visual Studio Solution File, Format Version 12.00
# Visual Studio 15
VisualStudioVersion = 15.0.28307.572
MinimumVisualStudioVersion = 10.0.40219.1
Project("{FAE04EC0-301F-11D3-BF4B-00C04F79EFBC}") = "UnitTestLearningApp", "UnitTestLearningApp\UnitTestLearningApp.csproj", "{510B1BF4-22A9-418C-87B2-70ECA9BB3AB0}"
EndProject
Project("{FAE04EC0-301F-11D3-BF4B-00C04F79EFBC}") = "TestProject", "TestProject\TestProject.csproj", "{D715819F-69F5-4FE3-8C75-920BD00EAE72}"
EndProject
Global
	GlobalSection(SolutionConfigurationPlatforms) = preSolution
		Debug|Any CPU = Debug|Any CPU
		Release|Any CPU = Release|Any CPU
	EndGlobalSection
	GlobalSection(ProjectConfigurationPlatforms) = postSolution
		{510B1BF4-22A9-418C-87B2-70ECA9BB3AB0}.Debug|Any CPU.ActiveCfg = Debug|Any CPU
		{510B1BF4-22A9-418C-87B2-70ECA9BB3AB0}.Debug|Any CPU.Build.0 = Debug|Any CPU
		{510B1BF4-22A9-418C-87B2-70ECA9BB3AB0}.Release|Any CPU.ActiveCfg = Release|Any CPU
		{510B1BF4-22A9-418C-87B2-70ECA9BB3AB0}.Release|Any CPU.Build.0 = Release|Any CPU
		{D715819F-69F5-4FE3-8C75-920BD00EAE72}.Debug|Any CPU.ActiveCfg = Debug|Any CPU
		{D715819F-69F5-4FE3-8C75-920BD00EAE72}.Debug|Any CPU.Build.0 = Debug|Any CPU
		{D715819F-69F5-4FE3-8C75-920BD00EAE72}.Release|Any CPU.ActiveCfg = Release|Any CPU
		{D715819F-69F5-4FE3-8C75-920BD00EAE72}.Release|Any CPU.Build.0 = Release|Any CPU
	EndGlobalSection
	GlobalSection(SolutionProperties) = preSolution
		HideSolutionNode = FALSE
	EndGlobalSection
	GlobalSection(ExtensibilityGlobals) = postSolution
		SolutionGuid = {54834A4B-BA6B-4EED-9416-2CA399B440F6}
	EndGlobalSection
EndGlobal
